
Microsoft Visual Studio Solution File, Format Version 12.00
# Visual Studio Version 17
VisualStudioVersion = 17.0.32014.148
MinimumVisualStudioVersion = 10.0.40219.1
Project("{2150E333-8FDC-42A3-9474-1A3956D46DE8}") = "Common", "Common", "{D910F4C0-CDE2-422F-A476-CDB87D8008A6}"
EndProject
Project("{9A19103F-16F7-4668-BE54-9A1E7A4F7556}") = "uBeac.Core.Common", "Common\uBeac.Core.Common\uBeac.Core.Common.csproj", "{01AD08DA-4D4B-4F1C-BE2D-DCB7999699D1}"
EndProject
Project("{9A19103F-16F7-4668-BE54-9A1E7A4F7556}") = "uBeac.Core.Configuration", "Common\uBeac.Core.Configuration\uBeac.Core.Configuration.csproj", "{46E83DC5-0738-457D-B4DD-7A655738D1EB}"
EndProject
Project("{2150E333-8FDC-42A3-9474-1A3956D46DE8}") = "Repository", "Repository", "{2939E5A7-F1C3-4853-9F35-31EB64C08036}"
EndProject
Project("{9A19103F-16F7-4668-BE54-9A1E7A4F7556}") = "uBeac.Core.Repositories.Abstractions", "Repository\uBeac.Core.Repositories.Abstractions\uBeac.Core.Repositories.Abstractions.csproj", "{55DDD1B2-DCCD-47DD-B2E8-05174512B7C1}"
EndProject
Project("{9A19103F-16F7-4668-BE54-9A1E7A4F7556}") = "uBeac.Core.Repositories.MongoDB", "Repository\uBeac.Core.Repositories.MongoDB\uBeac.Core.Repositories.MongoDB.csproj", "{6774EDE5-223C-4554-B593-ED9D2097BB54}"
EndProject
Project("{2150E333-8FDC-42A3-9474-1A3956D46DE8}") = "Service", "Service", "{4CC61732-C373-4DA4-B832-CEEB1A284EF2}"
EndProject
Project("{9A19103F-16F7-4668-BE54-9A1E7A4F7556}") = "uBeac.Core.Services", "Service\uBeac.Core.Services\uBeac.Core.Services.csproj", "{1CC2E728-886F-440A-8F7C-1F1D7FCE8AE6}"
EndProject
Project("{2150E333-8FDC-42A3-9474-1A3956D46DE8}") = "Identity", "Identity", "{EA4A3C91-FB93-49E8-8DF9-8CE86C150F71}"
EndProject
Project("{9A19103F-16F7-4668-BE54-9A1E7A4F7556}") = "uBeac.Core.Identity", "Identity\uBeac.Core.Identity\uBeac.Core.Identity.csproj", "{6B8ED371-70A7-4345-82D0-698FE4E95A09}"
EndProject
Project("{9A19103F-16F7-4668-BE54-9A1E7A4F7556}") = "uBeac.Core.Identity.Common", "Identity\uBeac.Core.Identity.Common\uBeac.Core.Identity.Common.csproj", "{A45C9B50-C7C9-4A9C-96CA-043142D579F1}"
EndProject
Project("{9A19103F-16F7-4668-BE54-9A1E7A4F7556}") = "uBeac.Core.Identity.MongoDB", "Identity\uBeac.Core.Identity.MongoDB\uBeac.Core.Identity.MongoDB.csproj", "{9D7D2782-2067-4B55-990B-ABF03939C1B3}"
EndProject
Project("{9A19103F-16F7-4668-BE54-9A1E7A4F7556}") = "uBeac.Core.Services.Abstractions", "Service\uBeac.Core.Services.Abstractions\uBeac.Core.Services.Abstractions.csproj", "{0906C374-0B90-4DB2-9C54-7CDCB6BD0490}"
EndProject
Project("{2150E333-8FDC-42A3-9474-1A3956D46DE8}") = "Web", "Web", "{37B6F062-3F0A-47F0-A418-FFFDA49D6D17}"
EndProject
Project("{9A19103F-16F7-4668-BE54-9A1E7A4F7556}") = "uBeac.Core.Web.Common", "Web\uBeac.Core.Web.Common\uBeac.Core.Web.Common.csproj", "{38BF32F2-DFBC-436C-9086-B30DDD6292A9}"
EndProject
Project("{9A19103F-16F7-4668-BE54-9A1E7A4F7556}") = "uBeac.Core.Web.Swagger", "Web\uBeac.Core.Web.Swagger\uBeac.Core.Web.Swagger.csproj", "{CC76A508-458F-458D-92D3-0317DABD3899}"
EndProject
Project("{2150E333-8FDC-42A3-9474-1A3956D46DE8}") = "Interception", "Interception", "{E7E46979-28DA-4C69-B036-9EB871014379}"
EndProject
Project("{9A19103F-16F7-4668-BE54-9A1E7A4F7556}") = "uBeac.Core.Interception", "Interception\uBeac.Core.Interception\uBeac.Core.Interception.csproj", "{4F2C9BAA-629B-494E-94CD-465B23718A72}"
EndProject
Project("{9A19103F-16F7-4668-BE54-9A1E7A4F7556}") = "uBeac.Core.Interception.Abstractions", "Interception\uBeac.Core.Interception.Abstractions\uBeac.Core.Interception.Abstractions.csproj", "{5A970DD6-DCCF-4EDC-9160-13E34DAB9479}"
EndProject
Project("{2150E333-8FDC-42A3-9474-1A3956D46DE8}") = "Logging", "Logging", "{117FC7BE-0153-4819-9A27-0FDA22132FA1}"
EndProject
Project("{9A19103F-16F7-4668-BE54-9A1E7A4F7556}") = "uBeac.Core.Logging", "Logging\uBeac.Core.Logging\uBeac.Core.Logging.csproj", "{57699FC2-B2B3-4FDD-BCF3-65571BC8AD9D}"
EndProject
Project("{9A19103F-16F7-4668-BE54-9A1E7A4F7556}") = "uBeac.Core.Logging.MongoDB", "Logging\uBeac.Core.Logging.MongoDB\uBeac.Core.Logging.MongoDB.csproj", "{2345E1D5-6FB1-4425-BCC8-CE52709BF7BE}"
EndProject
Project("{9A19103F-16F7-4668-BE54-9A1E7A4F7556}") = "uBeac.Core.Web.Logging", "Logging\uBeac.Core.Web.Logging\uBeac.Core.Web.Logging.csproj", "{D46D669F-61A9-4F54-8C54-F8CEF9A6C80A}"
EndProject
Project("{9A19103F-16F7-4668-BE54-9A1E7A4F7556}") = "uBeac.Core.EmailProvider", "Common\uBeac.Core.EmailProvider\uBeac.Core.EmailProvider.csproj", "{3D9D0F87-1A8A-4D2E-8F1A-CF398CD8D2FA}"
EndProject
Project("{2150E333-8FDC-42A3-9474-1A3956D46DE8}") = "Tests", "Tests", "{7F87C7E3-C767-4674-B562-DA287DB4F128}"
EndProject
Project("{9A19103F-16F7-4668-BE54-9A1E7A4F7556}") = "IntegrationTests", "Identity\Tests\IntegrationTests\IntegrationTests.csproj", "{3ED0375A-8364-4282-A6F4-C46ADC90332F}"
EndProject
Project("{9A19103F-16F7-4668-BE54-9A1E7A4F7556}") = "API", "Identity\Tests\API\API.csproj", "{FAAE32CA-48F3-4F26-BF22-39DDDDF57770}"
EndProject
Project("{9A19103F-16F7-4668-BE54-9A1E7A4F7556}") = "uBeac.Core.Identity.Jwt", "Identity\uBeac.Core.Identity.Jwt\uBeac.Core.Identity.Jwt.csproj", "{6BD1B9F9-5A0F-4A43-A657-F8B31896EDE0}"
EndProject
Project("{9A19103F-16F7-4668-BE54-9A1E7A4F7556}") = "uBeac.Core.Web.Jwt", "Web\uBeac.Core.Web.Jwt\uBeac.Core.Web.Jwt.csproj", "{2B7FB004-FE75-4196-A263-C4A768499970}"
EndProject
Project("{9A19103F-16F7-4668-BE54-9A1E7A4F7556}") = "uBeac.Core.Repositories.History.Abstractions", "Repository\uBeac.Core.Repositories.History.Abstractions\uBeac.Core.Repositories.History.Abstractions.csproj", "{96DBDDB5-59A7-4011-ABD0-DB27E3B2C05F}"
EndProject
Project("{9A19103F-16F7-4668-BE54-9A1E7A4F7556}") = "uBeac.Core.Repositories.History.Extensions", "Repository\uBeac.Core.Repositories.History.Extensions\uBeac.Core.Repositories.History.Extensions.csproj", "{AAA5B1BE-4216-4ADB-9FB3-B03D35CF8D03}"
EndProject
Project("{9A19103F-16F7-4668-BE54-9A1E7A4F7556}") = "uBeac.Core.Repositories.History.MongoDB", "Repository\uBeac.Core.Repositories.History.MongoDB\uBeac.Core.Repositories.History.MongoDB.csproj", "{CA77313D-6D97-4F91-9818-B729FA0359D2}"
EndProject
Project("{9A19103F-16F7-4668-BE54-9A1E7A4F7556}") = "uBeac.Core.Web.Logging.MongoDB", "Logging\uBeac.Core.Web.Logging.MongoDB\uBeac.Core.Web.Logging.MongoDB.csproj", "{2D538398-EAC9-4A18-8459-74CA9E499F4E}"
EndProject
Project("{2150E333-8FDC-42A3-9474-1A3956D46DE8}") = "UnitTests", "UnitTests", "{C2A82CB2-0B59-47BF-9DAC-4D4E02DA8FA7}"
EndProject
Project("{9A19103F-16F7-4668-BE54-9A1E7A4F7556}") = "uBeac.Core.Web.Common.UnitTests", "Web\UnitTests\uBeac.Core.Web.Common.UnitTests\uBeac.Core.Web.Common.UnitTests.csproj", "{20FF5E41-2928-427F-B1DF-78519C4CC174}"
EndProject
Project("{2150E333-8FDC-42A3-9474-1A3956D46DE8}") = "UnitTests", "UnitTests", "{B9000723-B110-4CE2-98DB-4E3840A37BD9}"
EndProject
Project("{FAE04EC0-301F-11D3-BF4B-00C04F79EFBC}") = "uBeac.Core.Repositories.MongoDB.UnitTests", "Repository\UnitTests\uBeac.Core.Repositories.MongoDB.UnitTests\uBeac.Core.Repositories.MongoDB.UnitTests.csproj", "{CE1397E1-D2A7-4A8A-9801-05C9BEDE0BA9}"
EndProject
Global
	GlobalSection(SolutionConfigurationPlatforms) = preSolution
		Debug|Any CPU = Debug|Any CPU
		Release|Any CPU = Release|Any CPU
	EndGlobalSection
	GlobalSection(ProjectConfigurationPlatforms) = postSolution
		{01AD08DA-4D4B-4F1C-BE2D-DCB7999699D1}.Debug|Any CPU.ActiveCfg = Debug|Any CPU
		{01AD08DA-4D4B-4F1C-BE2D-DCB7999699D1}.Debug|Any CPU.Build.0 = Debug|Any CPU
		{01AD08DA-4D4B-4F1C-BE2D-DCB7999699D1}.Release|Any CPU.ActiveCfg = Release|Any CPU
		{01AD08DA-4D4B-4F1C-BE2D-DCB7999699D1}.Release|Any CPU.Build.0 = Release|Any CPU
		{46E83DC5-0738-457D-B4DD-7A655738D1EB}.Debug|Any CPU.ActiveCfg = Debug|Any CPU
		{46E83DC5-0738-457D-B4DD-7A655738D1EB}.Debug|Any CPU.Build.0 = Debug|Any CPU
		{46E83DC5-0738-457D-B4DD-7A655738D1EB}.Release|Any CPU.ActiveCfg = Release|Any CPU
		{46E83DC5-0738-457D-B4DD-7A655738D1EB}.Release|Any CPU.Build.0 = Release|Any CPU
		{55DDD1B2-DCCD-47DD-B2E8-05174512B7C1}.Debug|Any CPU.ActiveCfg = Debug|Any CPU
		{55DDD1B2-DCCD-47DD-B2E8-05174512B7C1}.Debug|Any CPU.Build.0 = Debug|Any CPU
		{55DDD1B2-DCCD-47DD-B2E8-05174512B7C1}.Release|Any CPU.ActiveCfg = Release|Any CPU
		{55DDD1B2-DCCD-47DD-B2E8-05174512B7C1}.Release|Any CPU.Build.0 = Release|Any CPU
		{6774EDE5-223C-4554-B593-ED9D2097BB54}.Debug|Any CPU.ActiveCfg = Debug|Any CPU
		{6774EDE5-223C-4554-B593-ED9D2097BB54}.Debug|Any CPU.Build.0 = Debug|Any CPU
		{6774EDE5-223C-4554-B593-ED9D2097BB54}.Release|Any CPU.ActiveCfg = Release|Any CPU
		{6774EDE5-223C-4554-B593-ED9D2097BB54}.Release|Any CPU.Build.0 = Release|Any CPU
		{1CC2E728-886F-440A-8F7C-1F1D7FCE8AE6}.Debug|Any CPU.ActiveCfg = Debug|Any CPU
		{1CC2E728-886F-440A-8F7C-1F1D7FCE8AE6}.Debug|Any CPU.Build.0 = Debug|Any CPU
		{1CC2E728-886F-440A-8F7C-1F1D7FCE8AE6}.Release|Any CPU.ActiveCfg = Release|Any CPU
		{1CC2E728-886F-440A-8F7C-1F1D7FCE8AE6}.Release|Any CPU.Build.0 = Release|Any CPU
		{6B8ED371-70A7-4345-82D0-698FE4E95A09}.Debug|Any CPU.ActiveCfg = Debug|Any CPU
		{6B8ED371-70A7-4345-82D0-698FE4E95A09}.Debug|Any CPU.Build.0 = Debug|Any CPU
		{6B8ED371-70A7-4345-82D0-698FE4E95A09}.Release|Any CPU.ActiveCfg = Release|Any CPU
		{6B8ED371-70A7-4345-82D0-698FE4E95A09}.Release|Any CPU.Build.0 = Release|Any CPU
		{A45C9B50-C7C9-4A9C-96CA-043142D579F1}.Debug|Any CPU.ActiveCfg = Debug|Any CPU
		{A45C9B50-C7C9-4A9C-96CA-043142D579F1}.Debug|Any CPU.Build.0 = Debug|Any CPU
		{A45C9B50-C7C9-4A9C-96CA-043142D579F1}.Release|Any CPU.ActiveCfg = Release|Any CPU
		{A45C9B50-C7C9-4A9C-96CA-043142D579F1}.Release|Any CPU.Build.0 = Release|Any CPU
		{9D7D2782-2067-4B55-990B-ABF03939C1B3}.Debug|Any CPU.ActiveCfg = Debug|Any CPU
		{9D7D2782-2067-4B55-990B-ABF03939C1B3}.Debug|Any CPU.Build.0 = Debug|Any CPU
		{9D7D2782-2067-4B55-990B-ABF03939C1B3}.Release|Any CPU.ActiveCfg = Release|Any CPU
		{9D7D2782-2067-4B55-990B-ABF03939C1B3}.Release|Any CPU.Build.0 = Release|Any CPU
		{0906C374-0B90-4DB2-9C54-7CDCB6BD0490}.Debug|Any CPU.ActiveCfg = Debug|Any CPU
		{0906C374-0B90-4DB2-9C54-7CDCB6BD0490}.Debug|Any CPU.Build.0 = Debug|Any CPU
		{0906C374-0B90-4DB2-9C54-7CDCB6BD0490}.Release|Any CPU.ActiveCfg = Release|Any CPU
		{0906C374-0B90-4DB2-9C54-7CDCB6BD0490}.Release|Any CPU.Build.0 = Release|Any CPU
		{38BF32F2-DFBC-436C-9086-B30DDD6292A9}.Debug|Any CPU.ActiveCfg = Debug|Any CPU
		{38BF32F2-DFBC-436C-9086-B30DDD6292A9}.Debug|Any CPU.Build.0 = Debug|Any CPU
		{38BF32F2-DFBC-436C-9086-B30DDD6292A9}.Release|Any CPU.ActiveCfg = Release|Any CPU
		{38BF32F2-DFBC-436C-9086-B30DDD6292A9}.Release|Any CPU.Build.0 = Release|Any CPU
		{CC76A508-458F-458D-92D3-0317DABD3899}.Debug|Any CPU.ActiveCfg = Debug|Any CPU
		{CC76A508-458F-458D-92D3-0317DABD3899}.Debug|Any CPU.Build.0 = Debug|Any CPU
		{CC76A508-458F-458D-92D3-0317DABD3899}.Release|Any CPU.ActiveCfg = Release|Any CPU
		{CC76A508-458F-458D-92D3-0317DABD3899}.Release|Any CPU.Build.0 = Release|Any CPU
		{4F2C9BAA-629B-494E-94CD-465B23718A72}.Debug|Any CPU.ActiveCfg = Debug|Any CPU
		{4F2C9BAA-629B-494E-94CD-465B23718A72}.Debug|Any CPU.Build.0 = Debug|Any CPU
		{4F2C9BAA-629B-494E-94CD-465B23718A72}.Release|Any CPU.ActiveCfg = Release|Any CPU
		{4F2C9BAA-629B-494E-94CD-465B23718A72}.Release|Any CPU.Build.0 = Release|Any CPU
		{5A970DD6-DCCF-4EDC-9160-13E34DAB9479}.Debug|Any CPU.ActiveCfg = Debug|Any CPU
		{5A970DD6-DCCF-4EDC-9160-13E34DAB9479}.Debug|Any CPU.Build.0 = Debug|Any CPU
		{5A970DD6-DCCF-4EDC-9160-13E34DAB9479}.Release|Any CPU.ActiveCfg = Release|Any CPU
		{5A970DD6-DCCF-4EDC-9160-13E34DAB9479}.Release|Any CPU.Build.0 = Release|Any CPU
		{57699FC2-B2B3-4FDD-BCF3-65571BC8AD9D}.Debug|Any CPU.ActiveCfg = Debug|Any CPU
		{57699FC2-B2B3-4FDD-BCF3-65571BC8AD9D}.Debug|Any CPU.Build.0 = Debug|Any CPU
		{57699FC2-B2B3-4FDD-BCF3-65571BC8AD9D}.Release|Any CPU.ActiveCfg = Release|Any CPU
		{57699FC2-B2B3-4FDD-BCF3-65571BC8AD9D}.Release|Any CPU.Build.0 = Release|Any CPU
		{2345E1D5-6FB1-4425-BCC8-CE52709BF7BE}.Debug|Any CPU.ActiveCfg = Debug|Any CPU
		{2345E1D5-6FB1-4425-BCC8-CE52709BF7BE}.Debug|Any CPU.Build.0 = Debug|Any CPU
		{2345E1D5-6FB1-4425-BCC8-CE52709BF7BE}.Release|Any CPU.ActiveCfg = Release|Any CPU
		{2345E1D5-6FB1-4425-BCC8-CE52709BF7BE}.Release|Any CPU.Build.0 = Release|Any CPU
		{D46D669F-61A9-4F54-8C54-F8CEF9A6C80A}.Debug|Any CPU.ActiveCfg = Debug|Any CPU
		{D46D669F-61A9-4F54-8C54-F8CEF9A6C80A}.Debug|Any CPU.Build.0 = Debug|Any CPU
		{D46D669F-61A9-4F54-8C54-F8CEF9A6C80A}.Release|Any CPU.ActiveCfg = Release|Any CPU
		{D46D669F-61A9-4F54-8C54-F8CEF9A6C80A}.Release|Any CPU.Build.0 = Release|Any CPU
		{3D9D0F87-1A8A-4D2E-8F1A-CF398CD8D2FA}.Debug|Any CPU.ActiveCfg = Debug|Any CPU
		{3D9D0F87-1A8A-4D2E-8F1A-CF398CD8D2FA}.Debug|Any CPU.Build.0 = Debug|Any CPU
		{3D9D0F87-1A8A-4D2E-8F1A-CF398CD8D2FA}.Release|Any CPU.ActiveCfg = Release|Any CPU
		{3D9D0F87-1A8A-4D2E-8F1A-CF398CD8D2FA}.Release|Any CPU.Build.0 = Release|Any CPU
		{3ED0375A-8364-4282-A6F4-C46ADC90332F}.Debug|Any CPU.ActiveCfg = Debug|Any CPU
		{3ED0375A-8364-4282-A6F4-C46ADC90332F}.Debug|Any CPU.Build.0 = Debug|Any CPU
		{3ED0375A-8364-4282-A6F4-C46ADC90332F}.Release|Any CPU.ActiveCfg = Release|Any CPU
		{3ED0375A-8364-4282-A6F4-C46ADC90332F}.Release|Any CPU.Build.0 = Release|Any CPU
		{FAAE32CA-48F3-4F26-BF22-39DDDDF57770}.Debug|Any CPU.ActiveCfg = Debug|Any CPU
		{FAAE32CA-48F3-4F26-BF22-39DDDDF57770}.Debug|Any CPU.Build.0 = Debug|Any CPU
		{FAAE32CA-48F3-4F26-BF22-39DDDDF57770}.Release|Any CPU.ActiveCfg = Release|Any CPU
		{FAAE32CA-48F3-4F26-BF22-39DDDDF57770}.Release|Any CPU.Build.0 = Release|Any CPU
		{6BD1B9F9-5A0F-4A43-A657-F8B31896EDE0}.Debug|Any CPU.ActiveCfg = Debug|Any CPU
		{6BD1B9F9-5A0F-4A43-A657-F8B31896EDE0}.Debug|Any CPU.Build.0 = Debug|Any CPU
		{6BD1B9F9-5A0F-4A43-A657-F8B31896EDE0}.Release|Any CPU.ActiveCfg = Release|Any CPU
		{6BD1B9F9-5A0F-4A43-A657-F8B31896EDE0}.Release|Any CPU.Build.0 = Release|Any CPU
		{2B7FB004-FE75-4196-A263-C4A768499970}.Debug|Any CPU.ActiveCfg = Debug|Any CPU
		{2B7FB004-FE75-4196-A263-C4A768499970}.Debug|Any CPU.Build.0 = Debug|Any CPU
		{2B7FB004-FE75-4196-A263-C4A768499970}.Release|Any CPU.ActiveCfg = Release|Any CPU
		{2B7FB004-FE75-4196-A263-C4A768499970}.Release|Any CPU.Build.0 = Release|Any CPU
		{96DBDDB5-59A7-4011-ABD0-DB27E3B2C05F}.Debug|Any CPU.ActiveCfg = Debug|Any CPU
		{96DBDDB5-59A7-4011-ABD0-DB27E3B2C05F}.Debug|Any CPU.Build.0 = Debug|Any CPU
		{96DBDDB5-59A7-4011-ABD0-DB27E3B2C05F}.Release|Any CPU.ActiveCfg = Release|Any CPU
		{96DBDDB5-59A7-4011-ABD0-DB27E3B2C05F}.Release|Any CPU.Build.0 = Release|Any CPU
		{AAA5B1BE-4216-4ADB-9FB3-B03D35CF8D03}.Debug|Any CPU.ActiveCfg = Debug|Any CPU
		{AAA5B1BE-4216-4ADB-9FB3-B03D35CF8D03}.Debug|Any CPU.Build.0 = Debug|Any CPU
		{AAA5B1BE-4216-4ADB-9FB3-B03D35CF8D03}.Release|Any CPU.ActiveCfg = Release|Any CPU
		{AAA5B1BE-4216-4ADB-9FB3-B03D35CF8D03}.Release|Any CPU.Build.0 = Release|Any CPU
		{CA77313D-6D97-4F91-9818-B729FA0359D2}.Debug|Any CPU.ActiveCfg = Debug|Any CPU
		{CA77313D-6D97-4F91-9818-B729FA0359D2}.Debug|Any CPU.Build.0 = Debug|Any CPU
		{CA77313D-6D97-4F91-9818-B729FA0359D2}.Release|Any CPU.ActiveCfg = Release|Any CPU
		{CA77313D-6D97-4F91-9818-B729FA0359D2}.Release|Any CPU.Build.0 = Release|Any CPU
		{2D538398-EAC9-4A18-8459-74CA9E499F4E}.Debug|Any CPU.ActiveCfg = Debug|Any CPU
		{2D538398-EAC9-4A18-8459-74CA9E499F4E}.Debug|Any CPU.Build.0 = Debug|Any CPU
		{2D538398-EAC9-4A18-8459-74CA9E499F4E}.Release|Any CPU.ActiveCfg = Release|Any CPU
		{2D538398-EAC9-4A18-8459-74CA9E499F4E}.Release|Any CPU.Build.0 = Release|Any CPU
		{20FF5E41-2928-427F-B1DF-78519C4CC174}.Debug|Any CPU.ActiveCfg = Debug|Any CPU
		{20FF5E41-2928-427F-B1DF-78519C4CC174}.Debug|Any CPU.Build.0 = Debug|Any CPU
		{20FF5E41-2928-427F-B1DF-78519C4CC174}.Release|Any CPU.ActiveCfg = Release|Any CPU
		{20FF5E41-2928-427F-B1DF-78519C4CC174}.Release|Any CPU.Build.0 = Release|Any CPU
		{CE1397E1-D2A7-4A8A-9801-05C9BEDE0BA9}.Debug|Any CPU.ActiveCfg = Debug|Any CPU
		{CE1397E1-D2A7-4A8A-9801-05C9BEDE0BA9}.Debug|Any CPU.Build.0 = Debug|Any CPU
		{CE1397E1-D2A7-4A8A-9801-05C9BEDE0BA9}.Release|Any CPU.ActiveCfg = Release|Any CPU
		{CE1397E1-D2A7-4A8A-9801-05C9BEDE0BA9}.Release|Any CPU.Build.0 = Release|Any CPU
	EndGlobalSection
	GlobalSection(SolutionProperties) = preSolution
		HideSolutionNode = FALSE
	EndGlobalSection
	GlobalSection(NestedProjects) = preSolution
		{01AD08DA-4D4B-4F1C-BE2D-DCB7999699D1} = {D910F4C0-CDE2-422F-A476-CDB87D8008A6}
		{46E83DC5-0738-457D-B4DD-7A655738D1EB} = {D910F4C0-CDE2-422F-A476-CDB87D8008A6}
		{55DDD1B2-DCCD-47DD-B2E8-05174512B7C1} = {2939E5A7-F1C3-4853-9F35-31EB64C08036}
		{6774EDE5-223C-4554-B593-ED9D2097BB54} = {2939E5A7-F1C3-4853-9F35-31EB64C08036}
		{1CC2E728-886F-440A-8F7C-1F1D7FCE8AE6} = {4CC61732-C373-4DA4-B832-CEEB1A284EF2}
		{6B8ED371-70A7-4345-82D0-698FE4E95A09} = {EA4A3C91-FB93-49E8-8DF9-8CE86C150F71}
		{A45C9B50-C7C9-4A9C-96CA-043142D579F1} = {EA4A3C91-FB93-49E8-8DF9-8CE86C150F71}
		{9D7D2782-2067-4B55-990B-ABF03939C1B3} = {EA4A3C91-FB93-49E8-8DF9-8CE86C150F71}
		{0906C374-0B90-4DB2-9C54-7CDCB6BD0490} = {4CC61732-C373-4DA4-B832-CEEB1A284EF2}
		{38BF32F2-DFBC-436C-9086-B30DDD6292A9} = {37B6F062-3F0A-47F0-A418-FFFDA49D6D17}
		{CC76A508-458F-458D-92D3-0317DABD3899} = {37B6F062-3F0A-47F0-A418-FFFDA49D6D17}
		{4F2C9BAA-629B-494E-94CD-465B23718A72} = {E7E46979-28DA-4C69-B036-9EB871014379}
		{5A970DD6-DCCF-4EDC-9160-13E34DAB9479} = {E7E46979-28DA-4C69-B036-9EB871014379}
		{57699FC2-B2B3-4FDD-BCF3-65571BC8AD9D} = {117FC7BE-0153-4819-9A27-0FDA22132FA1}
		{2345E1D5-6FB1-4425-BCC8-CE52709BF7BE} = {117FC7BE-0153-4819-9A27-0FDA22132FA1}
		{D46D669F-61A9-4F54-8C54-F8CEF9A6C80A} = {117FC7BE-0153-4819-9A27-0FDA22132FA1}
		{3D9D0F87-1A8A-4D2E-8F1A-CF398CD8D2FA} = {D910F4C0-CDE2-422F-A476-CDB87D8008A6}
		{7F87C7E3-C767-4674-B562-DA287DB4F128} = {EA4A3C91-FB93-49E8-8DF9-8CE86C150F71}
		{3ED0375A-8364-4282-A6F4-C46ADC90332F} = {7F87C7E3-C767-4674-B562-DA287DB4F128}
		{FAAE32CA-48F3-4F26-BF22-39DDDDF57770} = {7F87C7E3-C767-4674-B562-DA287DB4F128}
		{6BD1B9F9-5A0F-4A43-A657-F8B31896EDE0} = {EA4A3C91-FB93-49E8-8DF9-8CE86C150F71}
		{2B7FB004-FE75-4196-A263-C4A768499970} = {37B6F062-3F0A-47F0-A418-FFFDA49D6D17}
		{96DBDDB5-59A7-4011-ABD0-DB27E3B2C05F} = {2939E5A7-F1C3-4853-9F35-31EB64C08036}
		{AAA5B1BE-4216-4ADB-9FB3-B03D35CF8D03} = {2939E5A7-F1C3-4853-9F35-31EB64C08036}
		{CA77313D-6D97-4F91-9818-B729FA0359D2} = {2939E5A7-F1C3-4853-9F35-31EB64C08036}
		{2D538398-EAC9-4A18-8459-74CA9E499F4E} = {117FC7BE-0153-4819-9A27-0FDA22132FA1}
		{C2A82CB2-0B59-47BF-9DAC-4D4E02DA8FA7} = {37B6F062-3F0A-47F0-A418-FFFDA49D6D17}
		{20FF5E41-2928-427F-B1DF-78519C4CC174} = {C2A82CB2-0B59-47BF-9DAC-4D4E02DA8FA7}
		{B9000723-B110-4CE2-98DB-4E3840A37BD9} = {2939E5A7-F1C3-4853-9F35-31EB64C08036}
		{CE1397E1-D2A7-4A8A-9801-05C9BEDE0BA9} = {B9000723-B110-4CE2-98DB-4E3840A37BD9}
	EndGlobalSection
	GlobalSection(ExtensibilityGlobals) = postSolution
		SolutionGuid = {247F9BF0-18BB-4A57-BB3E-2870DDAEF0D1}
	EndGlobalSection
EndGlobal
